
Microsoft Visual Studio Solution File, Format Version 12.00
# Visual Studio Version 16
VisualStudioVersion = 16.0.29613.14
MinimumVisualStudioVersion = 10.0.40219.1
Project("{FAE04EC0-301F-11D3-BF4B-00C04F79EFBC}") = "Server", "Server\Server.csproj", "{90022739-7F47-4C9B-8575-2CEB66749ABD}"
EndProject
Project("{FAE04EC0-301F-11D3-BF4B-00C04F79EFBC}") = "Client", "Client\Client.csproj", "{638CD649-F38B-442E-BBBA-9E3823978F52}"
EndProject
Global
	GlobalSection(SolutionConfigurationPlatforms) = preSolution
		Debug|Any CPU = Debug|Any CPU
		Release|Any CPU = Release|Any CPU
	EndGlobalSection
	GlobalSection(ProjectConfigurationPlatforms) = postSolution
		{90022739-7F47-4C9B-8575-2CEB66749ABD}.Debug|Any CPU.ActiveCfg = Debug|Any CPU
		{90022739-7F47-4C9B-8575-2CEB66749ABD}.Debug|Any CPU.Build.0 = Debug|Any CPU
		{90022739-7F47-4C9B-8575-2CEB66749ABD}.Release|Any CPU.ActiveCfg = Release|Any CPU
		{90022739-7F47-4C9B-8575-2CEB66749ABD}.Release|Any CPU.Build.0 = Release|Any CPU
		{638CD649-F38B-442E-BBBA-9E3823978F52}.Debug|Any CPU.ActiveCfg = Debug|Any CPU
		{638CD649-F38B-442E-BBBA-9E3823978F52}.Debug|Any CPU.Build.0 = Debug|Any CPU
		{638CD649-F38B-442E-BBBA-9E3823978F52}.Release|Any CPU.ActiveCfg = Release|Any CPU
		{638CD649-F38B-442E-BBBA-9E3823978F52}.Release|Any CPU.Build.0 = Release|Any CPU
	EndGlobalSection
	GlobalSection(SolutionProperties) = preSolution
		HideSolutionNode = FALSE
	EndGlobalSection
	GlobalSection(ExtensibilityGlobals) = postSolution
		SolutionGuid = {AFB57A34-6D3D-4BC4-B415-0803F76B95E2}
	EndGlobalSection
EndGlobal
